{
  "name": "Joymeo-OA-sys",
  "version": "1.0.0",
  "lockfileVersion": 1,
  "requires": true,
  "dependencies": {
    "miment": {
      "version": "0.0.9",
      "resolved": "https://registry.nlark.com/miment/download/miment-0.0.9.tgz",
      "integrity": "sha1-eYZPh5Pn0OkI6EVoc147FyAi1+0=",
      "dev": true
    },
    "moment": {
      "version": "2.29.1",
      "resolved": "https://registry.nlark.com/moment/download/moment-2.29.1.tgz",
      "integrity": "sha1-sr52n6MZQL6e7qZGnAdeNQBvo9M=",
      "dev": true
    }
  }
}
